
Microsoft Visual Studio Solution File, Format Version 12.00
# Visual Studio 2012
Project("{FAE04EC0-301F-11D3-BF4B-00C04F79EFBC}") = "LFM.Submissions.Backend", "LFM.Submissions.Backend\LFM.Submissions.Backend.csproj", "{C76A7E38-DA05-4533-936A-25CA9990CBC9}"
EndProject
Project("{FAE04EC0-301F-11D3-BF4B-00C04F79EFBC}") = "LFM.Submissions.Client", "LFM.Submissions.Client\LFM.Submissions.Client.csproj", "{43391658-1B1E-419A-B904-C2595F143761}"
EndProject
Project("{FAE04EC0-301F-11D3-BF4B-00C04F79EFBC}") = "LFM.Submissions.InternalMessages", "LFM.Submissions.InternalMessages\LFM.Submissions.InternalMessages.csproj", "{7A568AB9-7268-47D5-81C3-84AF8D64048C}"
EndProject
Project("{FAE04EC0-301F-11D3-BF4B-00C04F79EFBC}") = "LFM.Submissions.Code", "LFM.Submissions.Code\LFM.Submissions.Code.csproj", "{354CF721-4758-4A38-9D34-984B3588063F}"
EndProject
Project("{2150E333-8FDC-42A3-9474-1A3956D46DE8}") = "Infrastructure", "Infrastructure", "{AB704B72-1841-4A92-98DD-265943C10B04}"
EndProject
Project("{FAE04EC0-301F-11D3-BF4B-00C04F79EFBC}") = "LFM.Submissions.Config", "LFM.Submissions.Config\LFM.Submissions.Config.csproj", "{D756F755-C2C9-48A5-8DAD-82633836538B}"
EndProject
Project("{FAE04EC0-301F-11D3-BF4B-00C04F79EFBC}") = "LFM.Submissions.GovGateway", "LFM.Submissions.Targets\LFM.Submissions.GovGateway.csproj", "{3182D968-1616-405B-844A-7F24FA717AA6}"
EndProject
Project("{FAE04EC0-301F-11D3-BF4B-00C04F79EFBC}") = "LFM.Submissions.Email", "LFM.Submissions.Email\LFM.Submissions.Email.csproj", "{A2F0A553-F33F-4A79-972A-140EBE357FFC}"
EndProject
Project("{FAE04EC0-301F-11D3-BF4B-00C04F79EFBC}") = "LFM.Submissions.Contract", "LFM.Submissions.Contract\LFM.Submissions.Contract.csproj", "{1A2A8CBA-0F89-4C03-AFCA-750B61E1AD2F}"
EndProject
Global
	GlobalSection(SolutionConfigurationPlatforms) = preSolution
		Debug|Any CPU = Debug|Any CPU
		Release|Any CPU = Release|Any CPU
	EndGlobalSection
	GlobalSection(ProjectConfigurationPlatforms) = postSolution
		{C76A7E38-DA05-4533-936A-25CA9990CBC9}.Debug|Any CPU.ActiveCfg = Debug|Any CPU
		{C76A7E38-DA05-4533-936A-25CA9990CBC9}.Debug|Any CPU.Build.0 = Debug|Any CPU
		{C76A7E38-DA05-4533-936A-25CA9990CBC9}.Release|Any CPU.ActiveCfg = Release|Any CPU
		{C76A7E38-DA05-4533-936A-25CA9990CBC9}.Release|Any CPU.Build.0 = Release|Any CPU
		{43391658-1B1E-419A-B904-C2595F143761}.Debug|Any CPU.ActiveCfg = Debug|Any CPU
		{43391658-1B1E-419A-B904-C2595F143761}.Debug|Any CPU.Build.0 = Debug|Any CPU
		{43391658-1B1E-419A-B904-C2595F143761}.Release|Any CPU.ActiveCfg = Release|Any CPU
		{43391658-1B1E-419A-B904-C2595F143761}.Release|Any CPU.Build.0 = Release|Any CPU
		{7A568AB9-7268-47D5-81C3-84AF8D64048C}.Debug|Any CPU.ActiveCfg = Debug|Any CPU
		{7A568AB9-7268-47D5-81C3-84AF8D64048C}.Debug|Any CPU.Build.0 = Debug|Any CPU
		{7A568AB9-7268-47D5-81C3-84AF8D64048C}.Release|Any CPU.ActiveCfg = Release|Any CPU
		{7A568AB9-7268-47D5-81C3-84AF8D64048C}.Release|Any CPU.Build.0 = Release|Any CPU
		{354CF721-4758-4A38-9D34-984B3588063F}.Debug|Any CPU.ActiveCfg = Debug|Any CPU
		{354CF721-4758-4A38-9D34-984B3588063F}.Release|Any CPU.ActiveCfg = Release|Any CPU
		{354CF721-4758-4A38-9D34-984B3588063F}.Release|Any CPU.Build.0 = Release|Any CPU
		{D756F755-C2C9-48A5-8DAD-82633836538B}.Debug|Any CPU.ActiveCfg = Debug|Any CPU
		{D756F755-C2C9-48A5-8DAD-82633836538B}.Debug|Any CPU.Build.0 = Debug|Any CPU
		{D756F755-C2C9-48A5-8DAD-82633836538B}.Release|Any CPU.ActiveCfg = Release|Any CPU
		{D756F755-C2C9-48A5-8DAD-82633836538B}.Release|Any CPU.Build.0 = Release|Any CPU
		{3182D968-1616-405B-844A-7F24FA717AA6}.Debug|Any CPU.ActiveCfg = Debug|Any CPU
		{3182D968-1616-405B-844A-7F24FA717AA6}.Debug|Any CPU.Build.0 = Debug|Any CPU
		{3182D968-1616-405B-844A-7F24FA717AA6}.Release|Any CPU.ActiveCfg = Release|Any CPU
		{3182D968-1616-405B-844A-7F24FA717AA6}.Release|Any CPU.Build.0 = Release|Any CPU
		{A2F0A553-F33F-4A79-972A-140EBE357FFC}.Debug|Any CPU.ActiveCfg = Debug|Any CPU
		{A2F0A553-F33F-4A79-972A-140EBE357FFC}.Debug|Any CPU.Build.0 = Debug|Any CPU
		{A2F0A553-F33F-4A79-972A-140EBE357FFC}.Release|Any CPU.ActiveCfg = Release|Any CPU
		{A2F0A553-F33F-4A79-972A-140EBE357FFC}.Release|Any CPU.Build.0 = Release|Any CPU
		{1A2A8CBA-0F89-4C03-AFCA-750B61E1AD2F}.Debug|Any CPU.ActiveCfg = Debug|Any CPU
		{1A2A8CBA-0F89-4C03-AFCA-750B61E1AD2F}.Debug|Any CPU.Build.0 = Debug|Any CPU
		{1A2A8CBA-0F89-4C03-AFCA-750B61E1AD2F}.Release|Any CPU.ActiveCfg = Release|Any CPU
		{1A2A8CBA-0F89-4C03-AFCA-750B61E1AD2F}.Release|Any CPU.Build.0 = Release|Any CPU
	EndGlobalSection
	GlobalSection(SolutionProperties) = preSolution
		HideSolutionNode = FALSE
	EndGlobalSection
	GlobalSection(NestedProjects) = preSolution
		{D756F755-C2C9-48A5-8DAD-82633836538B} = {AB704B72-1841-4A92-98DD-265943C10B04}
	EndGlobalSection
EndGlobal
